
Microsoft Visual Studio Solution File, Format Version 12.00
# Visual Studio Version 17
VisualStudioVersion = 17.0.31903.59
MinimumVisualStudioVersion = 10.0.40219.1
Project("{FAE04EC0-301F-11D3-BF4B-00C04F79EFBC}") = "RaylibSharpGenerator", "RaylibSharpGenerator\RaylibSharpGenerator.csproj", "{01A59704-01FE-4114-9462-6489B875E14E}"
EndProject
Project("{FAE04EC0-301F-11D3-BF4B-00C04F79EFBC}") = "Examples.Wasm", "Examples.Wasm\Examples.Wasm.csproj", "{EE086564-E45E-4323-ACD0-0756F92B7C7C}"
EndProject
Project("{FAE04EC0-301F-11D3-BF4B-00C04F79EFBC}") = "Examples.Desktop", "Examples.Desktop\Examples.Desktop.csproj", "{411D037C-4F6E-4D58-B13D-CCF1BFF02F08}"
EndProject
Project("{FAE04EC0-301F-11D3-BF4B-00C04F79EFBC}") = "RaylibSharp", "RaylibSharp\RaylibSharp.csproj", "{6D1B126A-2C7E-46A3-93DB-2208A3201D1F}"
EndProject
Global
	GlobalSection(SolutionConfigurationPlatforms) = preSolution
		Debug|Any CPU = Debug|Any CPU
		Release|Any CPU = Release|Any CPU
	EndGlobalSection
	GlobalSection(SolutionProperties) = preSolution
		HideSolutionNode = FALSE
	EndGlobalSection
	GlobalSection(ProjectConfigurationPlatforms) = postSolution
		{01A59704-01FE-4114-9462-6489B875E14E}.Debug|Any CPU.ActiveCfg = Debug|Any CPU
		{01A59704-01FE-4114-9462-6489B875E14E}.Debug|Any CPU.Build.0 = Debug|Any CPU
		{01A59704-01FE-4114-9462-6489B875E14E}.Release|Any CPU.ActiveCfg = Release|Any CPU
		{01A59704-01FE-4114-9462-6489B875E14E}.Release|Any CPU.Build.0 = Release|Any CPU
		{EE086564-E45E-4323-ACD0-0756F92B7C7C}.Debug|Any CPU.ActiveCfg = Debug|Any CPU
		{EE086564-E45E-4323-ACD0-0756F92B7C7C}.Debug|Any CPU.Build.0 = Debug|Any CPU
		{EE086564-E45E-4323-ACD0-0756F92B7C7C}.Release|Any CPU.ActiveCfg = Release|Any CPU
		{EE086564-E45E-4323-ACD0-0756F92B7C7C}.Release|Any CPU.Build.0 = Release|Any CPU
		{411D037C-4F6E-4D58-B13D-CCF1BFF02F08}.Debug|Any CPU.ActiveCfg = Debug|Any CPU
		{411D037C-4F6E-4D58-B13D-CCF1BFF02F08}.Debug|Any CPU.Build.0 = Debug|Any CPU
		{411D037C-4F6E-4D58-B13D-CCF1BFF02F08}.Release|Any CPU.ActiveCfg = Release|Any CPU
		{411D037C-4F6E-4D58-B13D-CCF1BFF02F08}.Release|Any CPU.Build.0 = Release|Any CPU
		{6D1B126A-2C7E-46A3-93DB-2208A3201D1F}.Debug|Any CPU.ActiveCfg = Debug|Any CPU
		{6D1B126A-2C7E-46A3-93DB-2208A3201D1F}.Debug|Any CPU.Build.0 = Debug|Any CPU
		{6D1B126A-2C7E-46A3-93DB-2208A3201D1F}.Release|Any CPU.ActiveCfg = Release|Any CPU
		{6D1B126A-2C7E-46A3-93DB-2208A3201D1F}.Release|Any CPU.Build.0 = Release|Any CPU
	EndGlobalSection
EndGlobal
