
Microsoft Visual Studio Solution File, Format Version 12.00
# Visual Studio Version 17
VisualStudioVersion = 17.0.31903.59
MinimumVisualStudioVersion = 10.0.40219.1
Project("{FAE04EC0-301F-11D3-BF4B-00C04F79EFBC}") = "RaylibSharp", "RaylibSharp\RaylibSharp.csproj", "{625409B3-9763-49B9-BE8D-1E873C32D846}"
EndProject
Project("{FAE04EC0-301F-11D3-BF4B-00C04F79EFBC}") = "RaylibSharpGenerator", "RaylibSharpGenerator\RaylibSharpGenerator.csproj", "{4212092F-A53E-4644-A242-1CC064C73E25}"
EndProject
Project("{FAE04EC0-301F-11D3-BF4B-00C04F79EFBC}") = "Example", "Example\Example.csproj", "{1B2BB0A5-E6C7-4C91-BE3D-98D58214A63A}"
EndProject
Global
	GlobalSection(SolutionConfigurationPlatforms) = preSolution
		Debug|Any CPU = Debug|Any CPU
		Release|Any CPU = Release|Any CPU
	EndGlobalSection
	GlobalSection(SolutionProperties) = preSolution
		HideSolutionNode = FALSE
	EndGlobalSection
	GlobalSection(ProjectConfigurationPlatforms) = postSolution
		{625409B3-9763-49B9-BE8D-1E873C32D846}.Debug|Any CPU.ActiveCfg = Debug|Any CPU
		{625409B3-9763-49B9-BE8D-1E873C32D846}.Debug|Any CPU.Build.0 = Debug|Any CPU
		{625409B3-9763-49B9-BE8D-1E873C32D846}.Release|Any CPU.ActiveCfg = Release|Any CPU
		{625409B3-9763-49B9-BE8D-1E873C32D846}.Release|Any CPU.Build.0 = Release|Any CPU
		{4212092F-A53E-4644-A242-1CC064C73E25}.Debug|Any CPU.ActiveCfg = Debug|Any CPU
		{4212092F-A53E-4644-A242-1CC064C73E25}.Debug|Any CPU.Build.0 = Debug|Any CPU
		{4212092F-A53E-4644-A242-1CC064C73E25}.Release|Any CPU.ActiveCfg = Release|Any CPU
		{4212092F-A53E-4644-A242-1CC064C73E25}.Release|Any CPU.Build.0 = Release|Any CPU
		{1B2BB0A5-E6C7-4C91-BE3D-98D58214A63A}.Debug|Any CPU.ActiveCfg = Debug|Any CPU
		{1B2BB0A5-E6C7-4C91-BE3D-98D58214A63A}.Debug|Any CPU.Build.0 = Debug|Any CPU
		{1B2BB0A5-E6C7-4C91-BE3D-98D58214A63A}.Release|Any CPU.ActiveCfg = Release|Any CPU
		{1B2BB0A5-E6C7-4C91-BE3D-98D58214A63A}.Release|Any CPU.Build.0 = Release|Any CPU
	EndGlobalSection
EndGlobal
